
Microsoft Visual Studio Solution File, Format Version 12.00
# Visual Studio Version 16
VisualStudioVersion = 16.0.30413.136
MinimumVisualStudioVersion = 10.0.40219.1
Project("{FAE04EC0-301F-11D3-BF4B-00C04F79EFBC}") = "Mandelbrot", "Mandelbrot.csproj", "{6ACC5F32-72D5-4CBC-811A-2B2CA8E1C20F}"
EndProject
Global
	GlobalSection(SolutionConfigurationPlatforms) = preSolution
		Debug|Any CPU = Debug|Any CPU
		Release|Any CPU = Release|Any CPU
	EndGlobalSection
	GlobalSection(ProjectConfigurationPlatforms) = postSolution
		{6ACC5F32-72D5-4CBC-811A-2B2CA8E1C20F}.Debug|Any CPU.ActiveCfg = Debug|Any CPU
		{6ACC5F32-72D5-4CBC-811A-2B2CA8E1C20F}.Debug|Any CPU.Build.0 = Debug|Any CPU
		{6ACC5F32-72D5-4CBC-811A-2B2CA8E1C20F}.Release|Any CPU.ActiveCfg = Release|Any CPU
		{6ACC5F32-72D5-4CBC-811A-2B2CA8E1C20F}.Release|Any CPU.Build.0 = Release|Any CPU
	EndGlobalSection
	GlobalSection(SolutionProperties) = preSolution
		HideSolutionNode = FALSE
	EndGlobalSection
	GlobalSection(ExtensibilityGlobals) = postSolution
		SolutionGuid = {4D5746A7-4E01-4279-8DB2-CD60F5BD2275}
	EndGlobalSection
EndGlobal
